%{"ex_json_schema": {:hex, :ex_json_schema, "0.5.1", "83356e5a673d6fbe75da612a44b8f84942711630414d8be5e342f3597b03939a", [:mix], []},
  "piper": {:git, "https://github.com/operable/piper.git", "d69e4596cd338ab00d90e4ea6831eff11d0572c0", [branch: "v1.0.0-beta.3"]},
  "poison": {:hex, :poison, "2.2.0", "4763b69a8a77bd77d26f477d196428b741261a761257ff1cf92753a0d4d24a63", [:mix], []},
  "uuid": {:hex, :uuid, "1.1.5", "96cb36d86ee82f912efea4d50464a5df606bf3f1163d6bdbb302d98474969369", [:mix], []},
  "yamerl": {:hex, :yamerl, "0.3.2", "9eac1537d251e926f47763ab1db0d9e6e8f2397646c290d58aa6ceebc6832fb7", [:rebar3], []},
  "yaml_elixir": {:hex, :yaml_elixir, "1.2.1", "4a8ee3b25598100c710ff11dde4d79b6335608ac092d69aab45cc7475b5abc4d", [:mix], [{:yamerl, "~> 0.3.2", [hex: :yamerl, optional: false]}]}}
