%{"ex_json_schema": {:hex, :ex_json_schema, "0.3.1", "d0430262816dc61e19b9dab8ee747994ad18db151cdd63485334885835fe67cc", [:mix], []},
  "piper": {:git, "https://github.com/operable/piper.git", "4bd80f3820d184d989dbb058db4141847eea8449", []},
  "poison": {:hex, :poison, "2.2.0", "4763b69a8a77bd77d26f477d196428b741261a761257ff1cf92753a0d4d24a63", [:mix], []},
  "uuid": {:hex, :uuid, "1.1.3", "06ca38801a1a95b751701ca40716bb97ddf76dfe7e26da0eec7dba636740d57a", [:mix], []},
  "yamerl": {:git, "https://github.com/yakaz/yamerl.git", "ae810a808817d9482b4628ae3e20d746e3729fe0", []},
  "yaml_elixir": {:hex, :yaml_elixir, "1.0.0", "a0b703148aa8926a08fc14619c83e9cdf7555ff7e8bb9e74c08aa716eaf8c609", [:mix], []}}
